
Microsoft Visual Studio Solution File, Format Version 12.00
# Visual Studio Version 16
VisualStudioVersion = 16.0.28922.388
MinimumVisualStudioVersion = 10.0.40219.1
Project("{FAE04EC0-301F-11D3-BF4B-00C04F79EFBC}") = "PackageShippingQuote", "PackageShippingQuote.csproj", "{3D6D1F6C-A9E9-4C6A-98D1-A85774E6E628}"
EndProject
Global
	GlobalSection(SolutionConfigurationPlatforms) = preSolution
		Debug|Any CPU = Debug|Any CPU
		Release|Any CPU = Release|Any CPU
	EndGlobalSection
	GlobalSection(ProjectConfigurationPlatforms) = postSolution
		{3D6D1F6C-A9E9-4C6A-98D1-A85774E6E628}.Debug|Any CPU.ActiveCfg = Debug|Any CPU
		{3D6D1F6C-A9E9-4C6A-98D1-A85774E6E628}.Debug|Any CPU.Build.0 = Debug|Any CPU
		{3D6D1F6C-A9E9-4C6A-98D1-A85774E6E628}.Release|Any CPU.ActiveCfg = Release|Any CPU
		{3D6D1F6C-A9E9-4C6A-98D1-A85774E6E628}.Release|Any CPU.Build.0 = Release|Any CPU
	EndGlobalSection
	GlobalSection(SolutionProperties) = preSolution
		HideSolutionNode = FALSE
	EndGlobalSection
	GlobalSection(ExtensibilityGlobals) = postSolution
		SolutionGuid = {7673680D-A1A9-4C4F-8FBB-5333D89024AB}
	EndGlobalSection
EndGlobal
